
Microsoft Visual Studio Solution File, Format Version 12.00
Project("{FAE04EC0-301F-11D3-BF4B-00C04F79EFBC}") = "Domain", "Domain\Domain.csproj", "{B4F044FA-1ED9-44C8-A120-B9E540DA6CF8}"
EndProject
Project("{FAE04EC0-301F-11D3-BF4B-00C04F79EFBC}") = "ConsoleApp1", "ConsoleApp1\ConsoleApp1.csproj", "{B4F4DA6F-AA3A-4C65-9AF0-852C05B7ADDD}"
EndProject
Global
	GlobalSection(SolutionConfigurationPlatforms) = preSolution
		Debug|Any CPU = Debug|Any CPU
		Release|Any CPU = Release|Any CPU
	EndGlobalSection
	GlobalSection(ProjectConfigurationPlatforms) = postSolution
		{B4F044FA-1ED9-44C8-A120-B9E540DA6CF8}.Debug|Any CPU.ActiveCfg = Debug|Any CPU
		{B4F044FA-1ED9-44C8-A120-B9E540DA6CF8}.Debug|Any CPU.Build.0 = Debug|Any CPU
		{B4F044FA-1ED9-44C8-A120-B9E540DA6CF8}.Release|Any CPU.ActiveCfg = Release|Any CPU
		{B4F044FA-1ED9-44C8-A120-B9E540DA6CF8}.Release|Any CPU.Build.0 = Release|Any CPU
		{B4F4DA6F-AA3A-4C65-9AF0-852C05B7ADDD}.Debug|Any CPU.ActiveCfg = Debug|Any CPU
		{B4F4DA6F-AA3A-4C65-9AF0-852C05B7ADDD}.Debug|Any CPU.Build.0 = Debug|Any CPU
		{B4F4DA6F-AA3A-4C65-9AF0-852C05B7ADDD}.Release|Any CPU.ActiveCfg = Release|Any CPU
		{B4F4DA6F-AA3A-4C65-9AF0-852C05B7ADDD}.Release|Any CPU.Build.0 = Release|Any CPU
	EndGlobalSection
EndGlobal
